{
    "name": "docuseal-openapi",
    "lockfileVersion": 3,
    "requires": true,
    "packages": {
        "": {
            "name": "docuseal-openapi",
            "dependencies": {
                "@hey-api/client-fetch": "^0.2.4"
            },
            "devDependencies": {
                "@types/bun": "latest"
            },
            "peerDependencies": {
                "typescript": "^5.0.0"
            }
        },
        "node_modules/@hey-api/client-fetch": {
            "version": "0.2.4",
            "resolved": "https://registry.npmjs.org/@hey-api/client-fetch/-/client-fetch-0.2.4.tgz",
            "integrity": "sha512-SGTVAVw3PlKDLw+IyhNhb/jCH3P1P2xJzLxA8Kyz1g95HrkYOJdRpl9F5I7LLwo9aCIB7nwR2NrSeX7QaQD7vQ=="
        },
        "node_modules/@types/bun": {
            "version": "1.1.9",
            "resolved": "https://registry.npmjs.org/@types/bun/-/bun-1.1.9.tgz",
            "integrity": "sha512-SXJRejXpmAc3qxyN/YS4/JGWEzLf4dDBa5fLtRDipQXHqNccuMU4EUYCooXNTsylG0DmwFQsGgEDHxZF+3DqRw==",
            "dev": true,
            "dependencies": {
                "bun-types": "1.1.27"
            }
        },
        "node_modules/@types/node": {
            "version": "20.12.14",
            "dev": true,
            "license": "MIT",
            "dependencies": {
                "undici-types": "~5.26.4"
            }
        },
        "node_modules/@types/ws": {
            "version": "8.5.12",
            "dev": true,
            "license": "MIT",
            "dependencies": {
                "@types/node": "*"
            }
        },
        "node_modules/bun-types": {
            "version": "1.1.27",
            "dev": true,
            "license": "MIT",
            "dependencies": {
                "@types/node": "~20.12.8",
                "@types/ws": "~8.5.10"
            }
        },
        "node_modules/typescript": {
            "version": "5.6.2",
            "license": "Apache-2.0",
            "peer": true,
            "bin": {
                "tsc": "bin/tsc",
                "tsserver": "bin/tsserver"
            },
            "engines": {
                "node": ">=14.17"
            }
        },
        "node_modules/undici-types": {
            "version": "5.26.5",
            "dev": true,
            "license": "MIT"
        }
    }
}
